
Microsoft Visual Studio Solution File, Format Version 12.00
# Visual Studio Version 17
VisualStudioVersion = 17.5.33502.453
MinimumVisualStudioVersion = 10.0.40219.1
Project("{FAE04EC0-301F-11D3-BF4B-00C04F79EFBC}") = "RabbitMQ.Publisher", "RabbitMQ.Publisher\RabbitMQ.Publisher.csproj", "{589C7D7C-58F0-4BA5-9F72-95988AC00378}"
EndProject
Project("{FAE04EC0-301F-11D3-BF4B-00C04F79EFBC}") = "RabbitMQ.Subscriber", "RabbitMQ.Subscriber\RabbitMQ.Subscriber.csproj", "{3127A747-49F8-4C6F-8F3F-307382F428DE}"
EndProject
Global
	GlobalSection(SolutionConfigurationPlatforms) = preSolution
		Debug|Any CPU = Debug|Any CPU
		Release|Any CPU = Release|Any CPU
	EndGlobalSection
	GlobalSection(ProjectConfigurationPlatforms) = postSolution
		{589C7D7C-58F0-4BA5-9F72-95988AC00378}.Debug|Any CPU.ActiveCfg = Debug|Any CPU
		{589C7D7C-58F0-4BA5-9F72-95988AC00378}.Debug|Any CPU.Build.0 = Debug|Any CPU
		{589C7D7C-58F0-4BA5-9F72-95988AC00378}.Release|Any CPU.ActiveCfg = Release|Any CPU
		{589C7D7C-58F0-4BA5-9F72-95988AC00378}.Release|Any CPU.Build.0 = Release|Any CPU
		{3127A747-49F8-4C6F-8F3F-307382F428DE}.Debug|Any CPU.ActiveCfg = Debug|Any CPU
		{3127A747-49F8-4C6F-8F3F-307382F428DE}.Debug|Any CPU.Build.0 = Debug|Any CPU
		{3127A747-49F8-4C6F-8F3F-307382F428DE}.Release|Any CPU.ActiveCfg = Release|Any CPU
		{3127A747-49F8-4C6F-8F3F-307382F428DE}.Release|Any CPU.Build.0 = Release|Any CPU
	EndGlobalSection
	GlobalSection(SolutionProperties) = preSolution
		HideSolutionNode = FALSE
	EndGlobalSection
	GlobalSection(ExtensibilityGlobals) = postSolution
		SolutionGuid = {DB127347-335E-45C6-9346-519341B6C721}
	EndGlobalSection
EndGlobal
